{
  "originHash" : "235ac287d6246cd54de9f13f98e86fe740716948c498104a0eac241b11da709d",
  "pins" : [
    {
      "identity" : "readboard",
      "kind" : "remoteSourceControl",
      "location" : "https://github.com/liuhangbj/ReadBoard.git",
      "state" : {
        "revision" : "0c48278786a9423c740487d72ae94126f7f859a5"
      }
    }
  ],
  "version" : 3
}
