{
  "originHash" : "16dc75c0674f6800fd041c7f3c8543cc31725ea5e684ce12d84ea42bfb69a3cd",
  "pins" : [
    {
      "identity" : "readboard",
      "kind" : "remoteSourceControl",
      "location" : "https://github.com/liuhangbj/ReadBoard.git",
      "state" : {
        "revision" : "79e60c60143c4bdf0de6103c6eb70e7f89b3d0b8"
      }
    }
  ],
  "version" : 3
}
