{
  "originHash" : "a071b986d048b2933d0bb55f3a0825388e1455b02bea5ab1827c48831dd1c8a6",
  "pins" : [
    {
      "identity" : "readboard",
      "kind" : "remoteSourceControl",
      "location" : "https://github.com/liuhangbj/ReadBoard.git",
      "state" : {
        "revision" : "0f65a6780fc0b2cf3089952fa7e5ba9bcbf2bb4d"
      }
    }
  ],
  "version" : 3
}
